
Microsoft Visual Studio Solution File, Format Version 12.00
# Visual Studio 15
VisualStudioVersion = 15.0.27428.2037
MinimumVisualStudioVersion = 10.0.40219.1
Project("{FAE04EC0-301F-11D3-BF4B-00C04F79EFBC}") = "CalculatorOOP", "CalculatorOOP\CalculatorOOP.csproj", "{9CEC0802-683A-41FC-9AE5-F818B4245AAB}"
EndProject
Global
	GlobalSection(SolutionConfigurationPlatforms) = preSolution
		Debug|Any CPU = Debug|Any CPU
		Release|Any CPU = Release|Any CPU
	EndGlobalSection
	GlobalSection(ProjectConfigurationPlatforms) = postSolution
		{9CEC0802-683A-41FC-9AE5-F818B4245AAB}.Debug|Any CPU.ActiveCfg = Debug|Any CPU
		{9CEC0802-683A-41FC-9AE5-F818B4245AAB}.Debug|Any CPU.Build.0 = Debug|Any CPU
		{9CEC0802-683A-41FC-9AE5-F818B4245AAB}.Release|Any CPU.ActiveCfg = Release|Any CPU
		{9CEC0802-683A-41FC-9AE5-F818B4245AAB}.Release|Any CPU.Build.0 = Release|Any CPU
	EndGlobalSection
	GlobalSection(SolutionProperties) = preSolution
		HideSolutionNode = FALSE
	EndGlobalSection
	GlobalSection(ExtensibilityGlobals) = postSolution
		SolutionGuid = {1AB6EFCE-A244-47B6-8C7F-A0C5AD8143BD}
	EndGlobalSection
EndGlobal
